{
  "name": "rym",
  "version": "1.0.0",
  "lockfileVersion": 1,
  "requires": true,
  "dependencies": {
    "@panva/asn1.js": {
      "version": "1.0.0",
      "resolved": "https://registry.npmjs.org/@panva/asn1.js/-/asn1.js-1.0.0.tgz",
      "integrity": "sha512-UdkG3mLEqXgnlKsWanWcgb6dOjUzJ+XC5f+aWw30qrtjxeNUSfKX1cd5FBzOaXQumoe9nIqeZUvrRJS03HCCtw=="
    },
    "@sindresorhus/is": {
      "version": "0.14.0",
      "resolved": "https://registry.npmjs.org/@sindresorhus/is/-/is-0.14.0.tgz",
      "integrity": "sha512-9NET910DNaIPngYnLLPeg+Ogzqsi9uM4mSboU5y6p8S5DzMTVEsJZrawi+BoDNUVBa2DhJqQYUFvMDfgU062LQ=="
    },
    "@szmarczak/http-timer": {
      "version": "1.1.2",
      "resolved": "https://registry.npmjs.org/@szmarczak/http-timer/-/http-timer-1.1.2.tgz",
      "integrity": "sha512-XIB2XbzHTN6ieIjfIMV9hlVcfPU26s2vafYWQcZHWXHOxiaRZYEDKEwdl129Zyg50+foYV2jCgtrqSA6qNuNSA==",
      "requires": {
        "defer-to-connect": "^1.0.1"
      }
    },
    "@types/got": {
      "version": "9.6.11",
      "resolved": "https://registry.npmjs.org/@types/got/-/got-9.6.11.tgz",
      "integrity": "sha512-dr3IiDNg5TDesGyuwTrN77E1Cd7DCdmCFtEfSGqr83jMMtcwhf/SGPbN2goY4JUWQfvxwY56+e5tjfi+oXeSdA==",
      "requires": {
        "@types/node": "*",
        "@types/tough-cookie": "*",
        "form-data": "^2.5.0"
      }
    },
    "@types/node": {
      "version": "14.0.13",
      "resolved": "https://registry.npmjs.org/@types/node/-/node-14.0.13.tgz",
      "integrity": "sha512-rouEWBImiRaSJsVA+ITTFM6ZxibuAlTuNOCyxVbwreu6k6+ujs7DfnU9o+PShFhET78pMBl3eH+AGSI5eOTkPA=="
    },
    "@types/tough-cookie": {
      "version": "4.0.0",
      "resolved": "https://registry.npmjs.org/@types/tough-cookie/-/tough-cookie-4.0.0.tgz",
      "integrity": "sha512-I99sngh224D0M7XgW1s120zxCt3VYQ3IQsuw3P3jbq5GG4yc79+ZjyKznyOGIQrflfylLgcfekeZW/vk0yng6A=="
    },
    "abort-controller": {
      "version": "3.0.0",
      "resolved": "https://registry.npmjs.org/abort-controller/-/abort-controller-3.0.0.tgz",
      "integrity": "sha512-h8lQ8tacZYnR3vNQTgibj+tODHI5/+l06Au2Pcriv/Gmet0eaj4TwWH41sO9wnHDiQsEj19q0drzdWdeAHtweg==",
      "requires": {
        "event-target-shim": "^5.0.0"
      }
    },
    "agent-base": {
      "version": "6.0.0",
      "resolved": "https://registry.npmjs.org/agent-base/-/agent-base-6.0.0.tgz",
      "integrity": "sha512-j1Q7cSCqN+AwrmDd+pzgqc0/NpC655x2bUf5ZjRIO77DcNBFmh+OgRNzF6OKdCC9RSCb19fGd99+bhXFdkRNqw==",
      "requires": {
        "debug": "4"
      }
    },
    "aggregate-error": {
      "version": "3.0.1",
      "resolved": "https://registry.npmjs.org/aggregate-error/-/aggregate-error-3.0.1.tgz",
      "integrity": "sha512-quoaXsZ9/BLNae5yiNoUz+Nhkwz83GhWwtYFglcjEQB2NDHCIpApbqXxIFnm4Pq/Nvhrsq5sYJFyohrrxnTGAA==",
      "requires": {
        "clean-stack": "^2.0.0",
        "indent-string": "^4.0.0"
      }
    },
    "arrify": {
      "version": "2.0.1",
      "resolved": "https://registry.npmjs.org/arrify/-/arrify-2.0.1.tgz",
      "integrity": "sha512-3duEwti880xqi4eAMN8AyR4a0ByT90zoYdLlevfrvU43vb0YZwZVfxOgxWrLXXXpyugL0hNZc9G6BiB5B3nUug=="
    },
    "asynckit": {
      "version": "0.4.0",
      "resolved": "https://registry.npmjs.org/asynckit/-/asynckit-0.4.0.tgz",
      "integrity": "sha1-x57Zf380y48robyXkLzDZkdLS3k="
    },
    "base64-js": {
      "version": "1.3.1",
      "resolved": "https://registry.npmjs.org/base64-js/-/base64-js-1.3.1.tgz",
      "integrity": "sha512-mLQ4i2QO1ytvGWFWmcngKO//JXAQueZvwEKtjgQFM4jIK0kU+ytMfplL8j+n5mspOfjHwoAg+9yhb7BwAHm36g=="
    },
    "base64url": {
      "version": "3.0.1",
      "resolved": "https://registry.npmjs.org/base64url/-/base64url-3.0.1.tgz",
      "integrity": "sha512-ir1UPr3dkwexU7FdV8qBBbNDRUhMmIekYMFZfi+C/sLNnRESKPl23nB9b2pltqfOQNnGzsDdId90AEtG5tCx4A=="
    },
    "bignumber.js": {
      "version": "7.2.1",
      "resolved": "https://registry.npmjs.org/bignumber.js/-/bignumber.js-7.2.1.tgz",
      "integrity": "sha512-S4XzBk5sMB+Rcb/LNcpzXr57VRTxgAvaAEDAl1AwRx27j00hT84O6OkteE7u8UB3NuaaygCRrEpqox4uDOrbdQ=="
    },
    "boolbase": {
      "version": "1.0.0",
      "resolved": "https://registry.npmjs.org/boolbase/-/boolbase-1.0.0.tgz",
      "integrity": "sha1-aN/1++YMUes3cl6p4+0xDcwed24="
    },
    "buffer-equal-constant-time": {
      "version": "1.0.1",
      "resolved": "https://registry.npmjs.org/buffer-equal-constant-time/-/buffer-equal-constant-time-1.0.1.tgz",
      "integrity": "sha1-+OcRMvf/5uAaXJaXpMbz5I1cyBk="
    },
    "cacheable-request": {
      "version": "6.1.0",
      "resolved": "https://registry.npmjs.org/cacheable-request/-/cacheable-request-6.1.0.tgz",
      "integrity": "sha512-Oj3cAGPCqOZX7Rz64Uny2GYAZNliQSqfbePrgAQ1wKAihYmCUnraBtJtKcGR4xz7wF+LoJC+ssFZvv5BgF9Igg==",
      "requires": {
        "clone-response": "^1.0.2",
        "get-stream": "^5.1.0",
        "http-cache-semantics": "^4.0.0",
        "keyv": "^3.0.0",
        "lowercase-keys": "^2.0.0",
        "normalize-url": "^4.1.0",
        "responselike": "^1.0.2"
      },
      "dependencies": {
        "get-stream": {
          "version": "5.1.0",
          "resolved": "https://registry.npmjs.org/get-stream/-/get-stream-5.1.0.tgz",
          "integrity": "sha512-EXr1FOzrzTfGeL0gQdeFEvOMm2mzMOglyiOXSTpPC+iAjAKftbr3jpCMWynogwYnM+eSj9sHGc6wjIcDvYiygw==",
          "requires": {
            "pump": "^3.0.0"
          }
        },
        "lowercase-keys": {
          "version": "2.0.0",
          "resolved": "https://registry.npmjs.org/lowercase-keys/-/lowercase-keys-2.0.0.tgz",
          "integrity": "sha512-tqNXrS78oMOE73NMxK4EMLQsQowWf8jKooH9g7xPavRT706R6bkQJ6DY2Te7QukaZsulxa30wQ7bk0pm4XiHmA=="
        }
      }
    },
    "cheerio": {
      "version": "1.0.0-rc.3",
      "resolved": "https://registry.npmjs.org/cheerio/-/cheerio-1.0.0-rc.3.tgz",
      "integrity": "sha512-0td5ijfUPuubwLUu0OBoe98gZj8C/AA+RW3v67GPlGOrvxWjZmBXiBCRU+I8VEiNyJzjth40POfHiz2RB3gImA==",
      "requires": {
        "css-select": "~1.2.0",
        "dom-serializer": "~0.1.1",
        "entities": "~1.1.1",
        "htmlparser2": "^3.9.1",
        "lodash": "^4.15.0",
        "parse5": "^3.0.1"
      }
    },
    "clean-stack": {
      "version": "2.2.0",
      "resolved": "https://registry.npmjs.org/clean-stack/-/clean-stack-2.2.0.tgz",
      "integrity": "sha512-4diC9HaTE+KRAMWhDhrGOECgWZxoevMc5TlkObMqNSsVU62PYzXZ/SMTjzyGAFF1YusgxGcSWTEXBhp0CPwQ1A=="
    },
    "clone-response": {
      "version": "1.0.2",
      "resolved": "https://registry.npmjs.org/clone-response/-/clone-response-1.0.2.tgz",
      "integrity": "sha1-0dyXOSAxTfZ/vrlCI7TuNQI56Ws=",
      "requires": {
        "mimic-response": "^1.0.0"
      }
    },
    "combined-stream": {
      "version": "1.0.8",
      "resolved": "https://registry.npmjs.org/combined-stream/-/combined-stream-1.0.8.tgz",
      "integrity": "sha512-FQN4MRfuJeHf7cBbBMJFXhKSDq+2kAArBlmRBvcvFE5BB1HZKXtSFASDhdlz9zOYwxh8lDdnvmMOe/+5cdoEdg==",
      "requires": {
        "delayed-stream": "~1.0.0"
      }
    },
    "css-select": {
      "version": "1.2.0",
      "resolved": "https://registry.npmjs.org/css-select/-/css-select-1.2.0.tgz",
      "integrity": "sha1-KzoRBTnFNV8c2NMUYj6HCxIeyFg=",
      "requires": {
        "boolbase": "~1.0.0",
        "css-what": "2.1",
        "domutils": "1.5.1",
        "nth-check": "~1.0.1"
      }
    },
    "css-what": {
      "version": "2.1.3",
      "resolved": "https://registry.npmjs.org/css-what/-/css-what-2.1.3.tgz",
      "integrity": "sha512-a+EPoD+uZiNfh+5fxw2nO9QwFa6nJe2Or35fGY6Ipw1R3R4AGz1d1TEZrCegvw2YTmZ0jXirGYlzxxpYSHwpEg=="
    },
    "debug": {
      "version": "4.1.1",
      "resolved": "https://registry.npmjs.org/debug/-/debug-4.1.1.tgz",
      "integrity": "sha512-pYAIzeRo8J6KPEaJ0VWOh5Pzkbw/RetuzehGM7QRRX5he4fPHx2rdKMB256ehJCkX+XRQm16eZLqLNS8RSZXZw==",
      "requires": {
        "ms": "^2.1.1"
      }
    },
    "decompress-response": {
      "version": "3.3.0",
      "resolved": "https://registry.npmjs.org/decompress-response/-/decompress-response-3.3.0.tgz",
      "integrity": "sha1-gKTdMjdIOEv6JICDYirt7Jgq3/M=",
      "requires": {
        "mimic-response": "^1.0.0"
      }
    },
    "defer-to-connect": {
      "version": "1.1.3",
      "resolved": "https://registry.npmjs.org/defer-to-connect/-/defer-to-connect-1.1.3.tgz",
      "integrity": "sha512-0ISdNousHvZT2EiFlZeZAHBUvSxmKswVCEf8hW7KWgG4a8MVEu/3Vb6uWYozkjylyCxe0JBIiRB1jV45S70WVQ=="
    },
    "delayed-stream": {
      "version": "1.0.0",
      "resolved": "https://registry.npmjs.org/delayed-stream/-/delayed-stream-1.0.0.tgz",
      "integrity": "sha1-3zrhmayt+31ECqrgsp4icrJOxhk="
    },
    "dom-serializer": {
      "version": "0.1.1",
      "resolved": "https://registry.npmjs.org/dom-serializer/-/dom-serializer-0.1.1.tgz",
      "integrity": "sha512-l0IU0pPzLWSHBcieZbpOKgkIn3ts3vAh7ZuFyXNwJxJXk/c4Gwj9xaTJwIDVQCXawWD0qb3IzMGH5rglQaO0XA==",
      "requires": {
        "domelementtype": "^1.3.0",
        "entities": "^1.1.1"
      }
    },
    "domelementtype": {
      "version": "1.3.1",
      "resolved": "https://registry.npmjs.org/domelementtype/-/domelementtype-1.3.1.tgz",
      "integrity": "sha512-BSKB+TSpMpFI/HOxCNr1O8aMOTZ8hT3pM3GQ0w/mWRmkhEDSFJkkyzz4XQsBV44BChwGkrDfMyjVD0eA2aFV3w=="
    },
    "domhandler": {
      "version": "2.4.2",
      "resolved": "https://registry.npmjs.org/domhandler/-/domhandler-2.4.2.tgz",
      "integrity": "sha512-JiK04h0Ht5u/80fdLMCEmV4zkNh2BcoMFBmZ/91WtYZ8qVXSKjiw7fXMgFPnHcSZgOo3XdinHvmnDUeMf5R4wA==",
      "requires": {
        "domelementtype": "1"
      }
    },
    "domutils": {
      "version": "1.5.1",
      "resolved": "https://registry.npmjs.org/domutils/-/domutils-1.5.1.tgz",
      "integrity": "sha1-3NhIiib1Y9YQeeSMn3t+Mjc2gs8=",
      "requires": {
        "dom-serializer": "0",
        "domelementtype": "1"
      }
    },
    "duplexer3": {
      "version": "0.1.4",
      "resolved": "https://registry.npmjs.org/duplexer3/-/duplexer3-0.1.4.tgz",
      "integrity": "sha1-7gHdHKwO08vH/b6jfcCo8c4ALOI="
    },
    "ecdsa-sig-formatter": {
      "version": "1.0.11",
      "resolved": "https://registry.npmjs.org/ecdsa-sig-formatter/-/ecdsa-sig-formatter-1.0.11.tgz",
      "integrity": "sha512-nagl3RYrbNv6kQkeJIpt6NJZy8twLB/2vtz6yN9Z4vRKHN4/QZJIEbqohALSgwKdnksuY3k5Addp5lg8sVoVcQ==",
      "requires": {
        "safe-buffer": "^5.0.1"
      }
    },
    "end-of-stream": {
      "version": "1.4.4",
      "resolved": "https://registry.npmjs.org/end-of-stream/-/end-of-stream-1.4.4.tgz",
      "integrity": "sha512-+uw1inIHVPQoaVuHzRyXd21icM+cnt4CzD5rW+NC1wjOUSTOs+Te7FOv7AhN7vS9x/oIyhLP5PR1H+phQAHu5Q==",
      "requires": {
        "once": "^1.4.0"
      }
    },
    "entities": {
      "version": "1.1.2",
      "resolved": "https://registry.npmjs.org/entities/-/entities-1.1.2.tgz",
      "integrity": "sha512-f2LZMYl1Fzu7YSBKg+RoROelpOaNrcGmE9AZubeDfrCEia483oW4MI4VyFd5VNHIgQ/7qm1I0wUHK1eJnn2y2w=="
    },
    "event-target-shim": {
      "version": "5.0.1",
      "resolved": "https://registry.npmjs.org/event-target-shim/-/event-target-shim-5.0.1.tgz",
      "integrity": "sha512-i/2XbnSz/uxRCU6+NdVJgKWDTM427+MqYbkQzD321DuCQJUqOuJKIA0IM2+W2xtYHdKOmZ4dR6fExsd4SXL+WQ=="
    },
    "extend": {
      "version": "3.0.2",
      "resolved": "https://registry.npmjs.org/extend/-/extend-3.0.2.tgz",
      "integrity": "sha512-fjquC59cD7CyW6urNXK0FBufkZcoiGG80wTuPujX590cB5Ttln20E2UB4S/WARVqhXffZl2LNgS+gQdPIIim/g=="
    },
    "fast-text-encoding": {
      "version": "1.0.2",
      "resolved": "https://registry.npmjs.org/fast-text-encoding/-/fast-text-encoding-1.0.2.tgz",
      "integrity": "sha512-5rQdinSsycpzvAoHga2EDn+LRX1d5xLFsuNG0Kg61JrAT/tASXcLL0nf/33v+sAxlQcfYmWbTURa1mmAf55jGw=="
    },
    "form-data": {
      "version": "2.5.1",
      "resolved": "https://registry.npmjs.org/form-data/-/form-data-2.5.1.tgz",
      "integrity": "sha512-m21N3WOmEEURgk6B9GLOE4RuWOFf28Lhh9qGYeNlGq4VDXUlJy2th2slBNU8Gp8EzloYZOibZJ7t5ecIrFSjVA==",
      "requires": {
        "asynckit": "^0.4.0",
        "combined-stream": "^1.0.6",
        "mime-types": "^2.1.12"
      }
    },
    "gaxios": {
      "version": "3.0.3",
      "resolved": "https://registry.npmjs.org/gaxios/-/gaxios-3.0.3.tgz",
      "integrity": "sha512-PkzQludeIFhd535/yucALT/Wxyj/y2zLyrMwPcJmnLHDugmV49NvAi/vb+VUq/eWztATZCNcb8ue+ywPG+oLuw==",
      "requires": {
        "abort-controller": "^3.0.0",
        "extend": "^3.0.2",
        "https-proxy-agent": "^5.0.0",
        "is-stream": "^2.0.0",
        "node-fetch": "^2.3.0"
      }
    },
    "gcp-metadata": {
      "version": "4.1.0",
      "resolved": "https://registry.npmjs.org/gcp-metadata/-/gcp-metadata-4.1.0.tgz",
      "integrity": "sha512-r57SV28+olVsflPlKyVig3Muo/VDlcsObMtvDGOEtEJXj+DDE8bEl0coIkXh//hbkSDTvo+f5lbihZOndYXQQQ==",
      "requires": {
        "gaxios": "^3.0.0",
        "json-bigint": "^0.3.0"
      }
    },
    "get-stream": {
      "version": "4.1.0",
      "resolved": "https://registry.npmjs.org/get-stream/-/get-stream-4.1.0.tgz",
      "integrity": "sha512-GMat4EJ5161kIy2HevLlr4luNjBgvmj413KaQA7jt4V8B4RDsfpHk7WQ9GVqfYyyx8OS/L66Kox+rJRNklLK7w==",
      "requires": {
        "pump": "^3.0.0"
      }
    },
    "google-auth-library": {
      "version": "6.0.1",
      "resolved": "https://registry.npmjs.org/google-auth-library/-/google-auth-library-6.0.1.tgz",
      "integrity": "sha512-NWEM9W0o+fmUJMK/wEuJ1vAc8H/JAseOWB8tjOAAkz8yobU+5IDtO/rPCbbRwFF1obIOCe0lj1pkq9ld2OFZeg==",
      "requires": {
        "arrify": "^2.0.0",
        "base64-js": "^1.3.0",
        "ecdsa-sig-formatter": "^1.0.11",
        "fast-text-encoding": "^1.0.0",
        "gaxios": "^3.0.0",
        "gcp-metadata": "^4.1.0",
        "gtoken": "^5.0.0",
        "jws": "^4.0.0",
        "lru-cache": "^5.0.0"
      }
    },
    "google-p12-pem": {
      "version": "3.0.1",
      "resolved": "https://registry.npmjs.org/google-p12-pem/-/google-p12-pem-3.0.1.tgz",
      "integrity": "sha512-VlQgtozgNVVVcYTXS36eQz4PXPt9gIPqLOhHN0QiV6W6h4qSCNVKPtKC5INtJsaHHF2r7+nOIa26MJeJMTaZEQ==",
      "requires": {
        "node-forge": "^0.9.0"
      }
    },
    "googleapis": {
      "version": "52.1.0",
      "resolved": "https://registry.npmjs.org/googleapis/-/googleapis-52.1.0.tgz",
      "integrity": "sha512-8eHVXidZv/C/xos/rEIlWZCwuR638yaqjlBMMk2y9iT8hOe7ebkgW0pENUv8KeSFowTQFKCfQ/nLdBRM8z2hUg==",
      "requires": {
        "google-auth-library": "^6.0.0",
        "googleapis-common": "^4.3.0"
      }
    },
    "googleapis-common": {
      "version": "4.3.0",
      "resolved": "https://registry.npmjs.org/googleapis-common/-/googleapis-common-4.3.0.tgz",
      "integrity": "sha512-9xFX0A+PkJ9DUh2Cq81+Nx+J+v0Geo5Vgte8PKEQP5Wrbt5UfX964AGb+QhkfirlxlHrfpm7n5FRmr2FxktB/A==",
      "requires": {
        "extend": "^3.0.2",
        "gaxios": "^3.0.0",
        "google-auth-library": "^6.0.0",
        "qs": "^6.7.0",
        "url-template": "^2.0.8",
        "uuid": "^8.0.0"
      }
    },
    "got": {
      "version": "9.6.0",
      "resolved": "https://registry.npmjs.org/got/-/got-9.6.0.tgz",
      "integrity": "sha512-R7eWptXuGYxwijs0eV+v3o6+XH1IqVK8dJOEecQfTmkncw9AV4dcw/Dhxi8MdlqPthxxpZyizMzyg8RTmEsG+Q==",
      "requires": {
        "@sindresorhus/is": "^0.14.0",
        "@szmarczak/http-timer": "^1.1.2",
        "cacheable-request": "^6.0.0",
        "decompress-response": "^3.3.0",
        "duplexer3": "^0.1.4",
        "get-stream": "^4.1.0",
        "lowercase-keys": "^1.0.1",
        "mimic-response": "^1.0.1",
        "p-cancelable": "^1.0.0",
        "to-readable-stream": "^1.0.0",
        "url-parse-lax": "^3.0.0"
      }
    },
    "gtoken": {
      "version": "5.0.1",
      "resolved": "https://registry.npmjs.org/gtoken/-/gtoken-5.0.1.tgz",
      "integrity": "sha512-33w4FNDkUcyIOq/TqyC+drnKdI4PdXmWp9lZzssyEQKuvu9ZFN3KttaSnDKo52U3E51oujVGop93mKxmqO8HHg==",
      "requires": {
        "gaxios": "^3.0.0",
        "google-p12-pem": "^3.0.0",
        "jws": "^4.0.0",
        "mime": "^2.2.0"
      }
    },
    "htmlparser2": {
      "version": "3.10.1",
      "resolved": "https://registry.npmjs.org/htmlparser2/-/htmlparser2-3.10.1.tgz",
      "integrity": "sha512-IgieNijUMbkDovyoKObU1DUhm1iwNYE/fuifEoEHfd1oZKZDaONBSkal7Y01shxsM49R4XaMdGez3WnF9UfiCQ==",
      "requires": {
        "domelementtype": "^1.3.1",
        "domhandler": "^2.3.0",
        "domutils": "^1.5.1",
        "entities": "^1.1.1",
        "inherits": "^2.0.1",
        "readable-stream": "^3.1.1"
      }
    },
    "http-cache-semantics": {
      "version": "4.1.0",
      "resolved": "https://registry.npmjs.org/http-cache-semantics/-/http-cache-semantics-4.1.0.tgz",
      "integrity": "sha512-carPklcUh7ROWRK7Cv27RPtdhYhUsela/ue5/jKzjegVvXDqM2ILE9Q2BGn9JZJh1g87cp56su/FgQSzcWS8cQ=="
    },
    "https-proxy-agent": {
      "version": "5.0.0",
      "resolved": "https://registry.npmjs.org/https-proxy-agent/-/https-proxy-agent-5.0.0.tgz",
      "integrity": "sha512-EkYm5BcKUGiduxzSt3Eppko+PiNWNEpa4ySk9vTC6wDsQJW9rHSa+UhGNJoRYp7bz6Ht1eaRIa6QaJqO5rCFbA==",
      "requires": {
        "agent-base": "6",
        "debug": "4"
      }
    },
    "indent-string": {
      "version": "4.0.0",
      "resolved": "https://registry.npmjs.org/indent-string/-/indent-string-4.0.0.tgz",
      "integrity": "sha512-EdDDZu4A2OyIK7Lr/2zG+w5jmbuk1DVBnEwREQvBzspBJkCEbRa8GxU1lghYcaGJCnRWibjDXlq779X1/y5xwg=="
    },
    "inherits": {
      "version": "2.0.4",
      "resolved": "https://registry.npmjs.org/inherits/-/inherits-2.0.4.tgz",
      "integrity": "sha512-k/vGaX4/Yla3WzyMCvTQOXYeIHvqOKtnqBduzTHpzpQZzAskKMhZ2K+EnBiSM9zGSoIFeMpXKxa4dYeZIQqewQ=="
    },
    "is-docker": {
      "version": "2.0.0",
      "resolved": "https://registry.npmjs.org/is-docker/-/is-docker-2.0.0.tgz",
      "integrity": "sha512-pJEdRugimx4fBMra5z2/5iRdZ63OhYV0vr0Dwm5+xtW4D1FvRkB8hamMIhnWfyJeDdyr/aa7BDyNbtG38VxgoQ==",
      "dev": true
    },
    "is-stream": {
      "version": "2.0.0",
      "resolved": "https://registry.npmjs.org/is-stream/-/is-stream-2.0.0.tgz",
      "integrity": "sha512-XCoy+WlUr7d1+Z8GgSuXmpuUFC9fOhRXglJMx+dwLKTkL44Cjd4W1Z5P+BQZpr+cR93aGP4S/s7Ftw6Nd/kiEw=="
    },
    "is-wsl": {
      "version": "2.2.0",
      "resolved": "https://registry.npmjs.org/is-wsl/-/is-wsl-2.2.0.tgz",
      "integrity": "sha512-fKzAra0rGJUUBwGBgNkHZuToZcn+TtXHpeCgmkMJMMYx1sQDYaCSyjJBSCa2nH1DGm7s3n1oBnohoVTBaN7Lww==",
      "dev": true,
      "requires": {
        "is-docker": "^2.0.0"
      }
    },
    "jose": {
      "version": "1.27.1",
      "resolved": "https://registry.npmjs.org/jose/-/jose-1.27.1.tgz",
      "integrity": "sha512-VyHM6IJPw0TTGqHVNlPWg16/ASDPAmcChcLqSb3WNBvwWFoWPeFqlmAUCm8/oIG1GjZwAlUDuRKFfycowarcVA==",
      "requires": {
        "@panva/asn1.js": "^1.0.0"
      }
    },
    "json-bigint": {
      "version": "0.3.0",
      "resolved": "https://registry.npmjs.org/json-bigint/-/json-bigint-0.3.0.tgz",
      "integrity": "sha1-DM2RLEuCcNBfBW+9E4FLU9OCWx4=",
      "requires": {
        "bignumber.js": "^7.0.0"
      }
    },
    "json-buffer": {
      "version": "3.0.0",
      "resolved": "https://registry.npmjs.org/json-buffer/-/json-buffer-3.0.0.tgz",
      "integrity": "sha1-Wx85evx11ne96Lz8Dkfh+aPZqJg="
    },
    "jwa": {
      "version": "2.0.0",
      "resolved": "https://registry.npmjs.org/jwa/-/jwa-2.0.0.tgz",
      "integrity": "sha512-jrZ2Qx916EA+fq9cEAeCROWPTfCwi1IVHqT2tapuqLEVVDKFDENFw1oL+MwrTvH6msKxsd1YTDVw6uKEcsrLEA==",
      "requires": {
        "buffer-equal-constant-time": "1.0.1",
        "ecdsa-sig-formatter": "1.0.11",
        "safe-buffer": "^5.0.1"
      }
    },
    "jws": {
      "version": "4.0.0",
      "resolved": "https://registry.npmjs.org/jws/-/jws-4.0.0.tgz",
      "integrity": "sha512-KDncfTmOZoOMTFG4mBlG0qUIOlc03fmzH+ru6RgYVZhPkyiy/92Owlt/8UEN+a4TXR1FQetfIpJE8ApdvdVxTg==",
      "requires": {
        "jwa": "^2.0.0",
        "safe-buffer": "^5.0.1"
      }
    },
    "keyv": {
      "version": "3.1.0",
      "resolved": "https://registry.npmjs.org/keyv/-/keyv-3.1.0.tgz",
      "integrity": "sha512-9ykJ/46SN/9KPM/sichzQ7OvXyGDYKGTaDlKMGCAlg2UK8KRy4jb0d8sFc+0Tt0YYnThq8X2RZgCg74RPxgcVA==",
      "requires": {
        "json-buffer": "3.0.0"
      }
    },
    "lodash": {
      "version": "4.17.19",
      "resolved": "https://registry.npmjs.org/lodash/-/lodash-4.17.19.tgz",
      "integrity": "sha512-JNvd8XER9GQX0v2qJgsaN/mzFCNA5BRe/j8JN9d+tWyGLSodKQHKFicdwNYzWwI3wjRnaKPsGj1XkBjx/F96DQ=="
    },
    "lowercase-keys": {
      "version": "1.0.1",
      "resolved": "https://registry.npmjs.org/lowercase-keys/-/lowercase-keys-1.0.1.tgz",
      "integrity": "sha512-G2Lj61tXDnVFFOi8VZds+SoQjtQC3dgokKdDG2mTm1tx4m50NUHBOZSBwQQHyy0V12A0JTG4icfZQH+xPyh8VA=="
    },
    "lru-cache": {
      "version": "5.1.1",
      "resolved": "https://registry.npmjs.org/lru-cache/-/lru-cache-5.1.1.tgz",
      "integrity": "sha512-KpNARQA3Iwv+jTA0utUVVbrh+Jlrr1Fv0e56GGzAFOXN7dk/FviaDW8LHmK52DlcH4WP2n6gI8vN1aesBFgo9w==",
      "requires": {
        "yallist": "^3.0.2"
      }
    },
    "make-error": {
      "version": "1.3.6",
      "resolved": "https://registry.npmjs.org/make-error/-/make-error-1.3.6.tgz",
      "integrity": "sha512-s8UhlNe7vPKomQhC1qFelMokr/Sc3AgNbso3n74mVPA5LTZwkB9NlXf4XPamLxJE8h0gh73rM94xvwRT2CVInw=="
    },
    "mime": {
      "version": "2.4.6",
      "resolved": "https://registry.npmjs.org/mime/-/mime-2.4.6.tgz",
      "integrity": "sha512-RZKhC3EmpBchfTGBVb8fb+RL2cWyw/32lshnsETttkBAyAUXSGHxbEJWWRXc751DrIxG1q04b8QwMbAwkRPpUA=="
    },
    "mime-db": {
      "version": "1.44.0",
      "resolved": "https://registry.npmjs.org/mime-db/-/mime-db-1.44.0.tgz",
      "integrity": "sha512-/NOTfLrsPBVeH7YtFPgsVWveuL+4SjjYxaQ1xtM1KMFj7HdxlBlxeyNLzhyJVx7r4rZGJAZ/6lkKCitSc/Nmpg=="
    },
    "mime-types": {
      "version": "2.1.27",
      "resolved": "https://registry.npmjs.org/mime-types/-/mime-types-2.1.27.tgz",
      "integrity": "sha512-JIhqnCasI9yD+SsmkquHBxTSEuZdQX5BuQnS2Vc7puQQQ+8yiP5AY5uWhpdv4YL4VM5c6iliiYWPgJ/nJQLp7w==",
      "requires": {
        "mime-db": "1.44.0"
      }
    },
    "mimic-response": {
      "version": "1.0.1",
      "resolved": "https://registry.npmjs.org/mimic-response/-/mimic-response-1.0.1.tgz",
      "integrity": "sha512-j5EctnkH7amfV/q5Hgmoal1g2QHFJRraOtmx0JpIqkxhBhI/lJSl1nMpQ45hVarwNETOoWEimndZ4QK0RHxuxQ=="
    },
    "ms": {
      "version": "2.1.2",
      "resolved": "https://registry.npmjs.org/ms/-/ms-2.1.2.tgz",
      "integrity": "sha512-sGkPx+VjMtmA6MX27oA4FBFELFCZZ4S4XqeGOXCv68tT+jb3vk/RyaKWP0PTKyWtmLSM0b+adUTEvbs1PEaH2w=="
    },
    "node-fetch": {
      "version": "2.6.1",
      "resolved": "https://registry.npmjs.org/node-fetch/-/node-fetch-2.6.1.tgz",
      "integrity": "sha512-V4aYg89jEoVRxRb2fJdAg8FHvI7cEyYdVAh94HH0UIK8oJxUfkjlDQN9RbMx+bEjP7+ggMiFRprSti032Oipxw=="
    },
    "node-forge": {
      "version": "0.9.1",
      "resolved": "https://registry.npmjs.org/node-forge/-/node-forge-0.9.1.tgz",
      "integrity": "sha512-G6RlQt5Sb4GMBzXvhfkeFmbqR6MzhtnT7VTHuLadjkii3rdYHNdw0m8zA4BTxVIh68FicCQ2NSUANpsqkr9jvQ=="
    },
    "normalize-url": {
      "version": "4.5.1",
      "resolved": "https://registry.npmjs.org/normalize-url/-/normalize-url-4.5.1.tgz",
      "integrity": "sha512-9UZCFRHQdNrfTpGg8+1INIg93B6zE0aXMVFkw1WFwvO4SlZywU6aLg5Of0Ap/PgcbSw4LNxvMWXMeugwMCX0AA=="
    },
    "nth-check": {
      "version": "1.0.2",
      "resolved": "https://registry.npmjs.org/nth-check/-/nth-check-1.0.2.tgz",
      "integrity": "sha512-WeBOdju8SnzPN5vTUJYxYUxLeXpCaVP5i5e0LF8fg7WORF2Wd7wFX/pk0tYZk7s8T+J7VLy0Da6J1+wCT0AtHg==",
      "requires": {
        "boolbase": "~1.0.0"
      }
    },
    "object-hash": {
      "version": "2.0.3",
      "resolved": "https://registry.npmjs.org/object-hash/-/object-hash-2.0.3.tgz",
      "integrity": "sha512-JPKn0GMu+Fa3zt3Bmr66JhokJU5BaNBIh4ZeTlaCBzrBsOeXzwcKKAK1tbLiPKgvwmPXsDvvLHoWh5Bm7ofIYg=="
    },
    "oidc-token-hash": {
      "version": "5.0.0",
      "resolved": "https://registry.npmjs.org/oidc-token-hash/-/oidc-token-hash-5.0.0.tgz",
      "integrity": "sha512-8Yr4CZSv+Tn8ZkN3iN2i2w2G92mUKClp4z7EGUfdsERiYSbj7P4i/NHm72ft+aUdsiFx9UdIPSTwbyzQ6C4URg=="
    },
    "once": {
      "version": "1.4.0",
      "resolved": "https://registry.npmjs.org/once/-/once-1.4.0.tgz",
      "integrity": "sha1-WDsap3WWHUsROsF9nFC6753Xa9E=",
      "requires": {
        "wrappy": "1"
      }
    },
    "open": {
      "version": "7.1.0",
      "resolved": "https://registry.npmjs.org/open/-/open-7.1.0.tgz",
      "integrity": "sha512-lLPI5KgOwEYCDKXf4np7y1PBEkj7HYIyP2DY8mVDRnx0VIIu6bNrRB0R66TuO7Mack6EnTNLm4uvcl1UoklTpA==",
      "dev": true,
      "requires": {
        "is-docker": "^2.0.0",
        "is-wsl": "^2.1.1"
      }
    },
    "openid-client": {
      "version": "3.15.2",
      "resolved": "https://registry.npmjs.org/openid-client/-/openid-client-3.15.2.tgz",
      "integrity": "sha512-50aBsfiSZds48ec/VvUZ3hwtpEW0L5s7gGxlsJSvo5mAeK4TG3gv0VRWI+SvCAae4MEwRegLJD3YjpkJMLi2GQ==",
      "requires": {
        "@types/got": "^9.6.9",
        "base64url": "^3.0.1",
        "got": "^9.6.0",
        "jose": "^1.27.1",
        "lodash": "^4.17.15",
        "lru-cache": "^5.1.1",
        "make-error": "^1.3.6",
        "object-hash": "^2.0.1",
        "oidc-token-hash": "^5.0.0",
        "p-any": "^3.0.0"
      }
    },
    "p-any": {
      "version": "3.0.0",
      "resolved": "https://registry.npmjs.org/p-any/-/p-any-3.0.0.tgz",
      "integrity": "sha512-5rqbqfsRWNb0sukt0awwgJMlaep+8jV45S15SKKB34z4UuzjcofIfnriCBhWjZP2jbVtjt9yRl7buB6RlKsu9w==",
      "requires": {
        "p-cancelable": "^2.0.0",
        "p-some": "^5.0.0"
      },
      "dependencies": {
        "p-cancelable": {
          "version": "2.0.0",
          "resolved": "https://registry.npmjs.org/p-cancelable/-/p-cancelable-2.0.0.tgz",
          "integrity": "sha512-wvPXDmbMmu2ksjkB4Z3nZWTSkJEb9lqVdMaCKpZUGJG9TMiNp9XcbG3fn9fPKjem04fJMJnXoyFPk2FmgiaiNg=="
        }
      }
    },
    "p-cancelable": {
      "version": "1.1.0",
      "resolved": "https://registry.npmjs.org/p-cancelable/-/p-cancelable-1.1.0.tgz",
      "integrity": "sha512-s73XxOZ4zpt1edZYZzvhqFa6uvQc1vwUa0K0BdtIZgQMAJj9IbebH+JkgKZc9h+B05PKHLOTl4ajG1BmNrVZlw=="
    },
    "p-some": {
      "version": "5.0.0",
      "resolved": "https://registry.npmjs.org/p-some/-/p-some-5.0.0.tgz",
      "integrity": "sha512-Js5XZxo6vHjB9NOYAzWDYAIyyiPvva0DWESAIWIK7uhSpGsyg5FwUPxipU/SOQx5x9EqhOh545d1jo6cVkitig==",
      "requires": {
        "aggregate-error": "^3.0.0",
        "p-cancelable": "^2.0.0"
      },
      "dependencies": {
        "p-cancelable": {
          "version": "2.0.0",
          "resolved": "https://registry.npmjs.org/p-cancelable/-/p-cancelable-2.0.0.tgz",
          "integrity": "sha512-wvPXDmbMmu2ksjkB4Z3nZWTSkJEb9lqVdMaCKpZUGJG9TMiNp9XcbG3fn9fPKjem04fJMJnXoyFPk2FmgiaiNg=="
        }
      }
    },
    "parse5": {
      "version": "3.0.3",
      "resolved": "https://registry.npmjs.org/parse5/-/parse5-3.0.3.tgz",
      "integrity": "sha512-rgO9Zg5LLLkfJF9E6CCmXlSE4UVceloys8JrFqCcHloC3usd/kJCyPDwH2SOlzix2j3xaP9sUX3e8+kvkuleAA==",
      "requires": {
        "@types/node": "*"
      }
    },
    "prepend-http": {
      "version": "2.0.0",
      "resolved": "https://registry.npmjs.org/prepend-http/-/prepend-http-2.0.0.tgz",
      "integrity": "sha1-6SQ0v6XqjBn0HN/UAddBo8gZ2Jc="
    },
    "pump": {
      "version": "3.0.0",
      "resolved": "https://registry.npmjs.org/pump/-/pump-3.0.0.tgz",
      "integrity": "sha512-LwZy+p3SFs1Pytd/jYct4wpv49HiYCqd9Rlc5ZVdk0V+8Yzv6jR5Blk3TRmPL1ft69TxP0IMZGJ+WPFU2BFhww==",
      "requires": {
        "end-of-stream": "^1.1.0",
        "once": "^1.3.1"
      }
    },
    "qs": {
      "version": "6.9.4",
      "resolved": "https://registry.npmjs.org/qs/-/qs-6.9.4.tgz",
      "integrity": "sha512-A1kFqHekCTM7cz0udomYUoYNWjBebHm/5wzU/XqrBRBNWectVH0QIiN+NEcZ0Dte5hvzHwbr8+XQmguPhJ6WdQ=="
    },
    "readable-stream": {
      "version": "3.6.0",
      "resolved": "https://registry.npmjs.org/readable-stream/-/readable-stream-3.6.0.tgz",
      "integrity": "sha512-BViHy7LKeTz4oNnkcLJ+lVSL6vpiFeX6/d3oSH8zCW7UxP2onchk+vTGB143xuFjHS3deTgkKoXXymXqymiIdA==",
      "requires": {
        "inherits": "^2.0.3",
        "string_decoder": "^1.1.1",
        "util-deprecate": "^1.0.1"
      }
    },
    "responselike": {
      "version": "1.0.2",
      "resolved": "https://registry.npmjs.org/responselike/-/responselike-1.0.2.tgz",
      "integrity": "sha1-kYcg7ztjHFZCvgaPFa3lpG9Loec=",
      "requires": {
        "lowercase-keys": "^1.0.0"
      }
    },
    "safe-buffer": {
      "version": "5.2.1",
      "resolved": "https://registry.npmjs.org/safe-buffer/-/safe-buffer-5.2.1.tgz",
      "integrity": "sha512-rp3So07KcdmmKbGvgaNxQSJr7bGVSVk5S9Eq1F+ppbRo70+YeaDxkw5Dd8NPN+GD6bjnYm2VuPuCXmpuYvmCXQ=="
    },
    "string_decoder": {
      "version": "1.3.0",
      "resolved": "https://registry.npmjs.org/string_decoder/-/string_decoder-1.3.0.tgz",
      "integrity": "sha512-hkRX8U1WjJFd8LsDJ2yQ/wWWxaopEsABU1XfkM8A+j0+85JAGppt16cr1Whg6KIbb4okU6Mql6BOj+uup/wKeA==",
      "requires": {
        "safe-buffer": "~5.2.0"
      }
    },
    "to-readable-stream": {
      "version": "1.0.0",
      "resolved": "https://registry.npmjs.org/to-readable-stream/-/to-readable-stream-1.0.0.tgz",
      "integrity": "sha512-Iq25XBt6zD5npPhlLVXGFN3/gyR2/qODcKNNyTMd4vbm39HUaOiAM4PMq0eMVC/Tkxz+Zjdsc55g9yyz+Yq00Q=="
    },
    "url-parse-lax": {
      "version": "3.0.0",
      "resolved": "https://registry.npmjs.org/url-parse-lax/-/url-parse-lax-3.0.0.tgz",
      "integrity": "sha1-FrXK/Afb42dsGxmZF3gj1lA6yww=",
      "requires": {
        "prepend-http": "^2.0.0"
      }
    },
    "url-template": {
      "version": "2.0.8",
      "resolved": "https://registry.npmjs.org/url-template/-/url-template-2.0.8.tgz",
      "integrity": "sha1-/FZaPMy/93MMd19WQflVV5FDnyE="
    },
    "util-deprecate": {
      "version": "1.0.2",
      "resolved": "https://registry.npmjs.org/util-deprecate/-/util-deprecate-1.0.2.tgz",
      "integrity": "sha1-RQ1Nyfpw3nMnYvvS1KKJgUGaDM8="
    },
    "uuid": {
      "version": "8.1.0",
      "resolved": "https://registry.npmjs.org/uuid/-/uuid-8.1.0.tgz",
      "integrity": "sha512-CI18flHDznR0lq54xBycOVmphdCYnQLKn8abKn7PXUiKUGdEd+/l9LWNJmugXel4hXq7S+RMNl34ecyC9TntWg=="
    },
    "wrappy": {
      "version": "1.0.2",
      "resolved": "https://registry.npmjs.org/wrappy/-/wrappy-1.0.2.tgz",
      "integrity": "sha1-tSQ9jz7BqjXxNkYFvA0QNuMKtp8="
    },
    "yallist": {
      "version": "3.1.1",
      "resolved": "https://registry.npmjs.org/yallist/-/yallist-3.1.1.tgz",
      "integrity": "sha512-a4UGQaWPH59mOXUYnAG2ewncQS4i4F43Tv3JoAM+s2VDAmS9NsK8GpDMLrCHPksFT7h3K6TOoUNn2pb7RoXx4g=="
    }
  }
}
